
Microsoft Visual Studio Solution File, Format Version 12.00
# Visual Studio Version 17
VisualStudioVersion = 17.7.34221.43
MinimumVisualStudioVersion = 10.0.40219.1
Project("{FAE04EC0-301F-11D3-BF4B-00C04F79EFBC}") = "Boletin5", "Boletin5.csproj", "{772DD044-6514-4480-9EB3-A437AC411221}"
EndProject
Global
	GlobalSection(SolutionConfigurationPlatforms) = preSolution
		Debug|Any CPU = Debug|Any CPU
		Release|Any CPU = Release|Any CPU
	EndGlobalSection
	GlobalSection(ProjectConfigurationPlatforms) = postSolution
		{772DD044-6514-4480-9EB3-A437AC411221}.Debug|Any CPU.ActiveCfg = Debug|Any CPU
		{772DD044-6514-4480-9EB3-A437AC411221}.Debug|Any CPU.Build.0 = Debug|Any CPU
		{772DD044-6514-4480-9EB3-A437AC411221}.Release|Any CPU.ActiveCfg = Release|Any CPU
		{772DD044-6514-4480-9EB3-A437AC411221}.Release|Any CPU.Build.0 = Release|Any CPU
	EndGlobalSection
	GlobalSection(SolutionProperties) = preSolution
		HideSolutionNode = FALSE
	EndGlobalSection
	GlobalSection(ExtensibilityGlobals) = postSolution
		SolutionGuid = {D2286798-D646-4AC8-9EF9-496865790B24}
	EndGlobalSection
EndGlobal
