
Microsoft Visual Studio Solution File, Format Version 12.00
# Visual Studio Version 17
VisualStudioVersion = 17.6.33723.286
MinimumVisualStudioVersion = 10.0.40219.1
Project("{FAE04EC0-301F-11D3-BF4B-00C04F79EFBC}") = "EjemplosApuntes", "EjemplosApuntes.csproj", "{F685D2B6-2F5C-403C-9659-39C959C96E0F}"
EndProject
Global
	GlobalSection(SolutionConfigurationPlatforms) = preSolution
		Debug|Any CPU = Debug|Any CPU
		Release|Any CPU = Release|Any CPU
	EndGlobalSection
	GlobalSection(ProjectConfigurationPlatforms) = postSolution
		{F685D2B6-2F5C-403C-9659-39C959C96E0F}.Debug|Any CPU.ActiveCfg = Debug|Any CPU
		{F685D2B6-2F5C-403C-9659-39C959C96E0F}.Debug|Any CPU.Build.0 = Debug|Any CPU
		{F685D2B6-2F5C-403C-9659-39C959C96E0F}.Release|Any CPU.ActiveCfg = Release|Any CPU
		{F685D2B6-2F5C-403C-9659-39C959C96E0F}.Release|Any CPU.Build.0 = Release|Any CPU
	EndGlobalSection
	GlobalSection(SolutionProperties) = preSolution
		HideSolutionNode = FALSE
	EndGlobalSection
	GlobalSection(ExtensibilityGlobals) = postSolution
		SolutionGuid = {E87632BB-6EAD-4306-A486-F68B0F47CA4D}
	EndGlobalSection
EndGlobal
