
Microsoft Visual Studio Solution File, Format Version 12.00
# Visual Studio Version 17
VisualStudioVersion = 17.6.33723.286
MinimumVisualStudioVersion = 10.0.40219.1
Project("{FAE04EC0-301F-11D3-BF4B-00C04F79EFBC}") = "Ejercicios4a8", "Ejercicios4a8.csproj", "{56CB6E10-812E-4F62-9442-07A0AC09466D}"
EndProject
Global
	GlobalSection(SolutionConfigurationPlatforms) = preSolution
		Debug|Any CPU = Debug|Any CPU
		Release|Any CPU = Release|Any CPU
	EndGlobalSection
	GlobalSection(ProjectConfigurationPlatforms) = postSolution
		{56CB6E10-812E-4F62-9442-07A0AC09466D}.Debug|Any CPU.ActiveCfg = Debug|Any CPU
		{56CB6E10-812E-4F62-9442-07A0AC09466D}.Debug|Any CPU.Build.0 = Debug|Any CPU
		{56CB6E10-812E-4F62-9442-07A0AC09466D}.Release|Any CPU.ActiveCfg = Release|Any CPU
		{56CB6E10-812E-4F62-9442-07A0AC09466D}.Release|Any CPU.Build.0 = Release|Any CPU
	EndGlobalSection
	GlobalSection(SolutionProperties) = preSolution
		HideSolutionNode = FALSE
	EndGlobalSection
	GlobalSection(ExtensibilityGlobals) = postSolution
		SolutionGuid = {D07DFF68-A171-4187-AEBA-D6247D3281E4}
	EndGlobalSection
EndGlobal
