
Microsoft Visual Studio Solution File, Format Version 12.00
# Visual Studio Version 16
VisualStudioVersion = 16.0.31410.357
MinimumVisualStudioVersion = 10.0.40219.1
Project("{FAE04EC0-301F-11D3-BF4B-00C04F79EFBC}") = "Boletin3(9,11,12)", "Boletin3(9,11,12).csproj", "{0D482116-A75B-4E2D-9ABB-527BF2317E7D}"
EndProject
Global
	GlobalSection(SolutionConfigurationPlatforms) = preSolution
		Debug|Any CPU = Debug|Any CPU
		Release|Any CPU = Release|Any CPU
	EndGlobalSection
	GlobalSection(ProjectConfigurationPlatforms) = postSolution
		{0D482116-A75B-4E2D-9ABB-527BF2317E7D}.Debug|Any CPU.ActiveCfg = Debug|Any CPU
		{0D482116-A75B-4E2D-9ABB-527BF2317E7D}.Debug|Any CPU.Build.0 = Debug|Any CPU
		{0D482116-A75B-4E2D-9ABB-527BF2317E7D}.Release|Any CPU.ActiveCfg = Release|Any CPU
		{0D482116-A75B-4E2D-9ABB-527BF2317E7D}.Release|Any CPU.Build.0 = Release|Any CPU
	EndGlobalSection
	GlobalSection(SolutionProperties) = preSolution
		HideSolutionNode = FALSE
	EndGlobalSection
	GlobalSection(ExtensibilityGlobals) = postSolution
		SolutionGuid = {FDD5D400-1EF8-40D5-BDAD-2A6DE69A5A13}
	EndGlobalSection
EndGlobal
