
Microsoft Visual Studio Solution File, Format Version 12.00
# Visual Studio Version 16
VisualStudioVersion = 16.0.31410.357
MinimumVisualStudioVersion = 10.0.40219.1
Project("{FAE04EC0-301F-11D3-BF4B-00C04F79EFBC}") = "Variables", "Variables.csproj", "{2DCB6D30-860D-4241-9F9C-77F7E47B8B77}"
EndProject
Global
	GlobalSection(SolutionConfigurationPlatforms) = preSolution
		Debug|Any CPU = Debug|Any CPU
		Release|Any CPU = Release|Any CPU
	EndGlobalSection
	GlobalSection(ProjectConfigurationPlatforms) = postSolution
		{2DCB6D30-860D-4241-9F9C-77F7E47B8B77}.Debug|Any CPU.ActiveCfg = Debug|Any CPU
		{2DCB6D30-860D-4241-9F9C-77F7E47B8B77}.Debug|Any CPU.Build.0 = Debug|Any CPU
		{2DCB6D30-860D-4241-9F9C-77F7E47B8B77}.Release|Any CPU.ActiveCfg = Release|Any CPU
		{2DCB6D30-860D-4241-9F9C-77F7E47B8B77}.Release|Any CPU.Build.0 = Release|Any CPU
	EndGlobalSection
	GlobalSection(SolutionProperties) = preSolution
		HideSolutionNode = FALSE
	EndGlobalSection
	GlobalSection(ExtensibilityGlobals) = postSolution
		SolutionGuid = {3A7CB6B3-2D30-4F7D-A1C1-32B802B0BD62}
	EndGlobalSection
EndGlobal
