
Microsoft Visual Studio Solution File, Format Version 12.00
# Visual Studio Version 16
VisualStudioVersion = 16.0.31410.357
MinimumVisualStudioVersion = 10.0.40219.1
Project("{FAE04EC0-301F-11D3-BF4B-00C04F79EFBC}") = "LecturaPorTeclado2", "LecturaPorTeclado2.csproj", "{1C43DBCE-3C79-40D5-A50E-A94846EAA78A}"
EndProject
Global
	GlobalSection(SolutionConfigurationPlatforms) = preSolution
		Debug|Any CPU = Debug|Any CPU
		Release|Any CPU = Release|Any CPU
	EndGlobalSection
	GlobalSection(ProjectConfigurationPlatforms) = postSolution
		{1C43DBCE-3C79-40D5-A50E-A94846EAA78A}.Debug|Any CPU.ActiveCfg = Debug|Any CPU
		{1C43DBCE-3C79-40D5-A50E-A94846EAA78A}.Debug|Any CPU.Build.0 = Debug|Any CPU
		{1C43DBCE-3C79-40D5-A50E-A94846EAA78A}.Release|Any CPU.ActiveCfg = Release|Any CPU
		{1C43DBCE-3C79-40D5-A50E-A94846EAA78A}.Release|Any CPU.Build.0 = Release|Any CPU
	EndGlobalSection
	GlobalSection(SolutionProperties) = preSolution
		HideSolutionNode = FALSE
	EndGlobalSection
	GlobalSection(ExtensibilityGlobals) = postSolution
		SolutionGuid = {91377DAB-D851-455E-A1E3-9042986E3C4D}
	EndGlobalSection
EndGlobal
